// !$*UTF8*$!
{
	archiveVersion = 1;
	classes = {
	};
	objectVersion = 55;
	objects = {

/* Begin PBXBuildFile section */
		B43F2907273A7A37001B06B7 /* TabBarController.swift in Sources */ = {isa = PBXBuildFile; fileRef = B43F2906273A7A37001B06B7 /* TabBarController.swift */; };
		B460E5C427347A1B003450DB /* AppDelegate.swift in Sources */ = {isa = PBXBuildFile; fileRef = B460E5C327347A1B003450DB /* AppDelegate.swift */; };
		B460E5C627347A1B003450DB /* SceneDelegate.swift in Sources */ = {isa = PBXBuildFile; fileRef = B460E5C527347A1B003450DB /* SceneDelegate.swift */; };
		B460E5C827347A1B003450DB /* ViewController.swift in Sources */ = {isa = PBXBuildFile; fileRef = B460E5C727347A1B003450DB /* ViewController.swift */; };
		B460E5CB27347A1B003450DB /* Main.storyboard in Resources */ = {isa = PBXBuildFile; fileRef = B460E5C927347A1B003450DB /* Main.storyboard */; };
		B460E5CD27347A1E003450DB /* Assets.xcassets in Resources */ = {isa = PBXBuildFile; fileRef = B460E5CC27347A1E003450DB /* Assets.xcassets */; };
		B460E5D027347A1E003450DB /* LaunchScreen.storyboard in Resources */ = {isa = PBXBuildFile; fileRef = B460E5CE27347A1E003450DB /* LaunchScreen.storyboard */; };
		B460E5DC27348347003450DB /* TableViewCell.swift in Sources */ = {isa = PBXBuildFile; fileRef = B460E5DA27348347003450DB /* TableViewCell.swift */; };
		B460E5DD27348347003450DB /* TableViewCell.xib in Resources */ = {isa = PBXBuildFile; fileRef = B460E5DB27348347003450DB /* TableViewCell.xib */; };
		B4ABD025273A64EA0007AA6B /* LoginViewController.swift in Sources */ = {isa = PBXBuildFile; fileRef = B4ABD023273A64EA0007AA6B /* LoginViewController.swift */; };
		B4ABD026273A64EA0007AA6B /* LoginViewController.xib in Resources */ = {isa = PBXBuildFile; fileRef = B4ABD024273A64EA0007AA6B /* LoginViewController.xib */; };
		B4ABD029273A665A0007AA6B /* UserViewController.swift in Sources */ = {isa = PBXBuildFile; fileRef = B4ABD027273A665A0007AA6B /* UserViewController.swift */; };
		B4ABD02A273A665A0007AA6B /* UserViewController.xib in Resources */ = {isa = PBXBuildFile; fileRef = B4ABD028273A665A0007AA6B /* UserViewController.xib */; };
/* End PBXBuildFile section */

/* Begin PBXFileReference section */
		B43F2906273A7A37001B06B7 /* TabBarController.swift */ = {isa = PBXFileReference; lastKnownFileType = sourcecode.swift; path = TabBarController.swift; sourceTree = "<group>"; };
		B460E5C027347A1B003450DB /* HW14-LikeCommentShare.app */ = {isa = PBXFileReference; explicitFileType = wrapper.application; includeInIndex = 0; path = "HW14-LikeCommentShare.app"; sourceTree = BUILT_PRODUCTS_DIR; };
		B460E5C327347A1B003450DB /* AppDelegate.swift */ = {isa = PBXFileReference; lastKnownFileType = sourcecode.swift; path = AppDelegate.swift; sourceTree = "<group>"; };
		B460E5C527347A1B003450DB /* SceneDelegate.swift */ = {isa = PBXFileReference; lastKnownFileType = sourcecode.swift; path = SceneDelegate.swift; sourceTree = "<group>"; };
		B460E5C727347A1B003450DB /* ViewController.swift */ = {isa = PBXFileReference; lastKnownFileType = sourcecode.swift; path = ViewController.swift; sourceTree = "<group>"; };
		B460E5CA27347A1B003450DB /* Base */ = {isa = PBXFileReference; lastKnownFileType = file.storyboard; name = Base; path = Base.lproj/Main.storyboard; sourceTree = "<group>"; };
		B460E5CC27347A1E003450DB /* Assets.xcassets */ = {isa = PBXFileReference; lastKnownFileType = folder.assetcatalog; path = Assets.xcassets; sourceTree = "<group>"; };
		B460E5CF27347A1E003450DB /* Base */ = {isa = PBXFileReference; lastKnownFileType = file.storyboard; name = Base; path = Base.lproj/LaunchScreen.storyboard; sourceTree = "<group>"; };
		B460E5D127347A1E003450DB /* Info.plist */ = {isa = PBXFileReference; lastKnownFileType = text.plist.xml; path = Info.plist; sourceTree = "<group>"; };
		B460E5DA27348347003450DB /* TableViewCell.swift */ = {isa = PBXFileReference; lastKnownFileType = sourcecode.swift; path = TableViewCell.swift; sourceTree = "<group>"; };
		B460E5DB27348347003450DB /* TableViewCell.xib */ = {isa = PBXFileReference; lastKnownFileType = file.xib; path = TableViewCell.xib; sourceTree = "<group>"; };
		B4ABD023273A64EA0007AA6B /* LoginViewController.swift */ = {isa = PBXFileReference; lastKnownFileType = sourcecode.swift; path = LoginViewController.swift; sourceTree = "<group>"; };
		B4ABD024273A64EA0007AA6B /* LoginViewController.xib */ = {isa = PBXFileReference; lastKnownFileType = file.xib; path = LoginViewController.xib; sourceTree = "<group>"; };
		B4ABD027273A665A0007AA6B /* UserViewController.swift */ = {isa = PBXFileReference; lastKnownFileType = sourcecode.swift; path = UserViewController.swift; sourceTree = "<group>"; };
		B4ABD028273A665A0007AA6B /* UserViewController.xib */ = {isa = PBXFileReference; lastKnownFileType = file.xib; path = UserViewController.xib; sourceTree = "<group>"; };
/* End PBXFileReference section */

/* Begin PBXFrameworksBuildPhase section */
		B460E5BD27347A1B003450DB /* Frameworks */ = {
			isa = PBXFrameworksBuildPhase;
			buildActionMask = 2147483647;
			files = (
			);
			runOnlyForDeploymentPostprocessing = 0;
		};
/* End PBXFrameworksBuildPhase section */

/* Begin PBXGroup section */
		B460E5B727347A1B003450DB = {
			isa = PBXGroup;
			children = (
				B460E5C227347A1B003450DB /* HW14-LikeCommentShare */,
				B460E5C127347A1B003450DB /* Products */,
			);
			sourceTree = "<group>";
		};
		B460E5C127347A1B003450DB /* Products */ = {
			isa = PBXGroup;
			children = (
				B460E5C027347A1B003450DB /* HW14-LikeCommentShare.app */,
			);
			name = Products;
			sourceTree = "<group>";
		};
		B460E5C227347A1B003450DB /* HW14-LikeCommentShare */ = {
			isa = PBXGroup;
			children = (
				B4ABD01F273A63740007AA6B /* Login View Controller */,
				B4ABD020273A63D90007AA6B /* User View Controller */,
				B460E5D827347A5F003450DB /* View Controller */,
				B460E5D927348319003450DB /* Cell */,
				B460E5D727347A2B003450DB /* Support */,
				B460E5CC27347A1E003450DB /* Assets.xcassets */,
				B460E5D127347A1E003450DB /* Info.plist */,
				B43F2906273A7A37001B06B7 /* TabBarController.swift */,
			);
			path = "HW14-LikeCommentShare";
			sourceTree = "<group>";
		};
		B460E5D727347A2B003450DB /* Support */ = {
			isa = PBXGroup;
			children = (
				B460E5C327347A1B003450DB /* AppDelegate.swift */,
				B460E5C527347A1B003450DB /* SceneDelegate.swift */,
				B460E5CE27347A1E003450DB /* LaunchScreen.storyboard */,
			);
			path = Support;
			sourceTree = "<group>";
		};
		B460E5D827347A5F003450DB /* View Controller */ = {
			isa = PBXGroup;
			children = (
				B460E5C727347A1B003450DB /* ViewController.swift */,
				B460E5C927347A1B003450DB /* Main.storyboard */,
			);
			path = "View Controller";
			sourceTree = "<group>";
		};
		B460E5D927348319003450DB /* Cell */ = {
			isa = PBXGroup;
			children = (
				B460E5DA27348347003450DB /* TableViewCell.swift */,
				B460E5DB27348347003450DB /* TableViewCell.xib */,
			);
			path = Cell;
			sourceTree = "<group>";
		};
		B4ABD01F273A63740007AA6B /* Login View Controller */ = {
			isa = PBXGroup;
			children = (
				B4ABD023273A64EA0007AA6B /* LoginViewController.swift */,
				B4ABD024273A64EA0007AA6B /* LoginViewController.xib */,
			);
			path = "Login View Controller";
			sourceTree = "<group>";
		};
		B4ABD020273A63D90007AA6B /* User View Controller */ = {
			isa = PBXGroup;
			children = (
				B4ABD027273A665A0007AA6B /* UserViewController.swift */,
				B4ABD028273A665A0007AA6B /* UserViewController.xib */,
			);
			path = "User View Controller";
			sourceTree = "<group>";
		};
/* End PBXGroup section */

/* Begin PBXNativeTarget section */
		B460E5BF27347A1B003450DB /* HW14-LikeCommentShare */ = {
			isa = PBXNativeTarget;
			buildConfigurationList = B460E5D427347A1E003450DB /* Build configuration list for PBXNativeTarget "HW14-LikeCommentShare" */;
			buildPhases = (
				B460E5BC27347A1B003450DB /* Sources */,
				B460E5BD27347A1B003450DB /* Frameworks */,
				B460E5BE27347A1B003450DB /* Resources */,
			);
			buildRules = (
			);
			dependencies = (
			);
			name = "HW14-LikeCommentShare";
			productName = "HW14-LikeCommentShare";
			productReference = B460E5C027347A1B003450DB /* HW14-LikeCommentShare.app */;
			productType = "com.apple.product-type.application";
		};
/* End PBXNativeTarget section */

/* Begin PBXProject section */
		B460E5B827347A1B003450DB /* Project object */ = {
			isa = PBXProject;
			attributes = {
				BuildIndependentTargetsInParallel = 1;
				LastSwiftUpdateCheck = 1310;
				LastUpgradeCheck = 1310;
				TargetAttributes = {
					B460E5BF27347A1B003450DB = {
						CreatedOnToolsVersion = 13.1;
					};
				};
			};
			buildConfigurationList = B460E5BB27347A1B003450DB /* Build configuration list for PBXProject "HW14-LikeCommentShare" */;
			compatibilityVersion = "Xcode 13.0";
			developmentRegion = en;
			hasScannedForEncodings = 0;
			knownRegions = (
				en,
				Base,
			);
			mainGroup = B460E5B727347A1B003450DB;
			productRefGroup = B460E5C127347A1B003450DB /* Products */;
			projectDirPath = "";
			projectRoot = "";
			targets = (
				B460E5BF27347A1B003450DB /* HW14-LikeCommentShare */,
			);
		};
/* End PBXProject section */

/* Begin PBXResourcesBuildPhase section */
		B460E5BE27347A1B003450DB /* Resources */ = {
			isa = PBXResourcesBuildPhase;
			buildActionMask = 2147483647;
			files = (
				B4ABD026273A64EA0007AA6B /* LoginViewController.xib in Resources */,
				B4ABD02A273A665A0007AA6B /* UserViewController.xib in Resources */,
				B460E5D027347A1E003450DB /* LaunchScreen.storyboard in Resources */,
				B460E5DD27348347003450DB /* TableViewCell.xib in Resources */,
				B460E5CD27347A1E003450DB /* Assets.xcassets in Resources */,
				B460E5CB27347A1B003450DB /* Main.storyboard in Resources */,
			);
			runOnlyForDeploymentPostprocessing = 0;
		};
/* End PBXResourcesBuildPhase section */

/* Begin PBXSourcesBuildPhase section */
		B460E5BC27347A1B003450DB /* Sources */ = {
			isa = PBXSourcesBuildPhase;
			buildActionMask = 2147483647;
			files = (
				B460E5C827347A1B003450DB /* ViewController.swift in Sources */,
				B4ABD029273A665A0007AA6B /* UserViewController.swift in Sources */,
				B460E5DC27348347003450DB /* TableViewCell.swift in Sources */,
				B460E5C427347A1B003450DB /* AppDelegate.swift in Sources */,
				B43F2907273A7A37001B06B7 /* TabBarController.swift in Sources */,
				B4ABD025273A64EA0007AA6B /* LoginViewController.swift in Sources */,
				B460E5C627347A1B003450DB /* SceneDelegate.swift in Sources */,
			);
			runOnlyForDeploymentPostprocessing = 0;
		};
/* End PBXSourcesBuildPhase section */

/* Begin PBXVariantGroup section */
		B460E5C927347A1B003450DB /* Main.storyboard */ = {
			isa = PBXVariantGroup;
			children = (
				B460E5CA27347A1B003450DB /* Base */,
			);
			name = Main.storyboard;
			sourceTree = "<group>";
		};
		B460E5CE27347A1E003450DB /* LaunchScreen.storyboard */ = {
			isa = PBXVariantGroup;
			children = (
				B460E5CF27347A1E003450DB /* Base */,
			);
			name = LaunchScreen.storyboard;
			sourceTree = "<group>";
		};
/* End PBXVariantGroup section */

/* Begin XCBuildConfiguration section */
		B460E5D227347A1E003450DB /* Debug */ = {
			isa = XCBuildConfiguration;
			buildSettings = {
				ALWAYS_SEARCH_USER_PATHS = NO;
				CLANG_ANALYZER_NONNULL = YES;
				CLANG_ANALYZER_NUMBER_OBJECT_CONVERSION = YES_AGGRESSIVE;
				CLANG_CXX_LANGUAGE_STANDARD = "gnu++17";
				CLANG_CXX_LIBRARY = "libc++";
				CLANG_ENABLE_MODULES = YES;
				CLANG_ENABLE_OBJC_ARC = YES;
				CLANG_ENABLE_OBJC_WEAK = YES;
				CLANG_WARN_BLOCK_CAPTURE_AUTORELEASING = YES;
				CLANG_WARN_BOOL_CONVERSION = YES;
				CLANG_WARN_COMMA = YES;
				CLANG_WARN_CONSTANT_CONVERSION = YES;
				CLANG_WARN_DEPRECATED_OBJC_IMPLEMENTATIONS = YES;
				CLANG_WARN_DIRECT_OBJC_ISA_USAGE = YES_ERROR;
				CLANG_WARN_DOCUMENTATION_COMMENTS = YES;
				CLANG_WARN_EMPTY_BODY = YES;
				CLANG_WARN_ENUM_CONVERSION = YES;
				CLANG_WARN_INFINITE_RECURSION = YES;
				CLANG_WARN_INT_CONVERSION = YES;
				CLANG_WARN_NON_LITERAL_NULL_CONVERSION = YES;
				CLANG_WARN_OBJC_IMPLICIT_RETAIN_SELF = YES;
				CLANG_WARN_OBJC_LITERAL_CONVERSION = YES;
				CLANG_WARN_OBJC_ROOT_CLASS = YES_ERROR;
				CLANG_WARN_QUOTED_INCLUDE_IN_FRAMEWORK_HEADER = YES;
				CLANG_WARN_RANGE_LOOP_ANALYSIS = YES;
				CLANG_WARN_STRICT_PROTOTYPES = YES;
				CLANG_WARN_SUSPICIOUS_MOVE = YES;
				CLANG_WARN_UNGUARDED_AVAILABILITY = YES_AGGRESSIVE;
				CLANG_WARN_UNREACHABLE_CODE = YES;
				CLANG_WARN__DUPLICATE_METHOD_MATCH = YES;
				COPY_PHASE_STRIP = NO;
				DEBUG_INFORMATION_FORMAT = dwarf;
				ENABLE_STRICT_OBJC_MSGSEND = YES;
				ENABLE_TESTABILITY = YES;
				GCC_C_LANGUAGE_STANDARD = gnu11;
				GCC_DYNAMIC_NO_PIC = NO;
				GCC_NO_COMMON_BLOCKS = YES;
				GCC_OPTIMIZATION_LEVEL = 0;
				GCC_PREPROCESSOR_DEFINITIONS = (
					"DEBUG=1",
					"$(inherited)",
				);
				GCC_WARN_64_TO_32_BIT_CONVERSION = YES;
				GCC_WARN_ABOUT_RETURN_TYPE = YES_ERROR;
				GCC_WARN_UNDECLARED_SELECTOR = YES;
				GCC_WARN_UNINITIALIZED_AUTOS = YES_AGGRESSIVE;
				GCC_WARN_UNUSED_FUNCTION = YES;
				GCC_WARN_UNUSED_VARIABLE = YES;
				IPHONEOS_DEPLOYMENT_TARGET = 15.0;
				MTL_ENABLE_DEBUG_INFO = INCLUDE_SOURCE;
				MTL_FAST_MATH = YES;
				ONLY_ACTIVE_ARCH = YES;
				SDKROOT = iphoneos;
				SWIFT_ACTIVE_COMPILATION_CONDITIONS = DEBUG;
				SWIFT_OPTIMIZATION_LEVEL = "-Onone";
			};
			name = Debug;
		};
		B460E5D327347A1E003450DB /* Release */ = {
			isa = XCBuildConfiguration;
			buildSettings = {
				ALWAYS_SEARCH_USER_PATHS = NO;
				CLANG_ANALYZER_NONNULL = YES;
				CLANG_ANALYZER_NUMBER_OBJECT_CONVERSION = YES_AGGRESSIVE;
				CLANG_CXX_LANGUAGE_STANDARD = "gnu++17";
				CLANG_CXX_LIBRARY = "libc++";
				CLANG_ENABLE_MODULES = YES;
				CLANG_ENABLE_OBJC_ARC = YES;
				CLANG_ENABLE_OBJC_WEAK = YES;
				CLANG_WARN_BLOCK_CAPTURE_AUTORELEASING = YES;
				CLANG_WARN_BOOL_CONVERSION = YES;
				CLANG_WARN_COMMA = YES;
				CLANG_WARN_CONSTANT_CONVERSION = YES;
				CLANG_WARN_DEPRECATED_OBJC_IMPLEMENTATIONS = YES;
				CLANG_WARN_DIRECT_OBJC_ISA_USAGE = YES_ERROR;
				CLANG_WARN_DOCUMENTATION_COMMENTS = YES;
				CLANG_WARN_EMPTY_BODY = YES;
				CLANG_WARN_ENUM_CONVERSION = YES;
				CLANG_WARN_INFINITE_RECURSION = YES;
				CLANG_WARN_INT_CONVERSION = YES;
				CLANG_WARN_NON_LITERAL_NULL_CONVERSION = YES;
				CLANG_WARN_OBJC_IMPLICIT_RETAIN_SELF = YES;
				CLANG_WARN_OBJC_LITERAL_CONVERSION = YES;
				CLANG_WARN_OBJC_ROOT_CLASS = YES_ERROR;
				CLANG_WARN_QUOTED_INCLUDE_IN_FRAMEWORK_HEADER = YES;
				CLANG_WARN_RANGE_LOOP_ANALYSIS = YES;
				CLANG_WARN_STRICT_PROTOTYPES = YES;
				CLANG_WARN_SUSPICIOUS_MOVE = YES;
				CLANG_WARN_UNGUARDED_AVAILABILITY = YES_AGGRESSIVE;
				CLANG_WARN_UNREACHABLE_CODE = YES;
				CLANG_WARN__DUPLICATE_METHOD_MATCH = YES;
				COPY_PHASE_STRIP = NO;
				DEBUG_INFORMATION_FORMAT = "dwarf-with-dsym";
				ENABLE_NS_ASSERTIONS = NO;
				ENABLE_STRICT_OBJC_MSGSEND = YES;
				GCC_C_LANGUAGE_STANDARD = gnu11;
				GCC_NO_COMMON_BLOCKS = YES;
				GCC_WARN_64_TO_32_BIT_CONVERSION = YES;
				GCC_WARN_ABOUT_RETURN_TYPE = YES_ERROR;
				GCC_WARN_UNDECLARED_SELECTOR = YES;
				GCC_WARN_UNINITIALIZED_AUTOS = YES_AGGRESSIVE;
				GCC_WARN_UNUSED_FUNCTION = YES;
				GCC_WARN_UNUSED_VARIABLE = YES;
				IPHONEOS_DEPLOYMENT_TARGET = 15.0;
				MTL_ENABLE_DEBUG_INFO = NO;
				MTL_FAST_MATH = YES;
				SDKROOT = iphoneos;
				SWIFT_COMPILATION_MODE = wholemodule;
				SWIFT_OPTIMIZATION_LEVEL = "-O";
				VALIDATE_PRODUCT = YES;
			};
			name = Release;
		};
		B460E5D527347A1E003450DB /* Debug */ = {
			isa = XCBuildConfiguration;
			buildSettings = {
				ASSETCATALOG_COMPILER_APPICON_NAME = AppIcon;
				ASSETCATALOG_COMPILER_GLOBAL_ACCENT_COLOR_NAME = AccentColor;
				CODE_SIGN_STYLE = Automatic;
				CURRENT_PROJECT_VERSION = 1;
				DEVELOPMENT_TEAM = ZZK4T7Z935;
				GENERATE_INFOPLIST_FILE = YES;
				INFOPLIST_FILE = "HW14-LikeCommentShare/Info.plist";
				INFOPLIST_KEY_UIApplicationSupportsIndirectInputEvents = YES;
				INFOPLIST_KEY_UILaunchStoryboardName = LaunchScreen;
				INFOPLIST_KEY_UIMainStoryboardFile = Main;
				INFOPLIST_KEY_UISupportedInterfaceOrientations_iPad = "UIInterfaceOrientationPortrait UIInterfaceOrientationPortraitUpsideDown UIInterfaceOrientationLandscapeLeft UIInterfaceOrientationLandscapeRight";
				INFOPLIST_KEY_UISupportedInterfaceOrientations_iPhone = "UIInterfaceOrientationPortrait UIInterfaceOrientationLandscapeLeft UIInterfaceOrientationLandscapeRight";
				LD_RUNPATH_SEARCH_PATHS = (
					"$(inherited)",
					"@executable_path/Frameworks",
				);
				MARKETING_VERSION = 1.0;
				PRODUCT_BUNDLE_IDENTIFIER = "DmitryPol.HW14-LikeCommentShare";
				PRODUCT_NAME = "$(TARGET_NAME)";
				SWIFT_EMIT_LOC_STRINGS = YES;
				SWIFT_VERSION = 5.0;
				TARGETED_DEVICE_FAMILY = "1,2";
			};
			name = Debug;
		};
		B460E5D627347A1E003450DB /* Release */ = {
			isa = XCBuildConfiguration;
			buildSettings = {
				ASSETCATALOG_COMPILER_APPICON_NAME = AppIcon;
				ASSETCATALOG_COMPILER_GLOBAL_ACCENT_COLOR_NAME = AccentColor;
				CODE_SIGN_STYLE = Automatic;
				CURRENT_PROJECT_VERSION = 1;
				DEVELOPMENT_TEAM = ZZK4T7Z935;
				GENERATE_INFOPLIST_FILE = YES;
				INFOPLIST_FILE = "HW14-LikeCommentShare/Info.plist";
				INFOPLIST_KEY_UIApplicationSupportsIndirectInputEvents = YES;
				INFOPLIST_KEY_UILaunchStoryboardName = LaunchScreen;
				INFOPLIST_KEY_UIMainStoryboardFile = Main;
				INFOPLIST_KEY_UISupportedInterfaceOrientations_iPad = "UIInterfaceOrientationPortrait UIInterfaceOrientationPortraitUpsideDown UIInterfaceOrientationLandscapeLeft UIInterfaceOrientationLandscapeRight";
				INFOPLIST_KEY_UISupportedInterfaceOrientations_iPhone = "UIInterfaceOrientationPortrait UIInterfaceOrientationLandscapeLeft UIInterfaceOrientationLandscapeRight";
				LD_RUNPATH_SEARCH_PATHS = (
					"$(inherited)",
					"@executable_path/Frameworks",
				);
				MARKETING_VERSION = 1.0;
				PRODUCT_BUNDLE_IDENTIFIER = "DmitryPol.HW14-LikeCommentShare";
				PRODUCT_NAME = "$(TARGET_NAME)";
				SWIFT_EMIT_LOC_STRINGS = YES;
				SWIFT_VERSION = 5.0;
				TARGETED_DEVICE_FAMILY = "1,2";
			};
			name = Release;
		};
/* End XCBuildConfiguration section */

/* Begin XCConfigurationList section */
		B460E5BB27347A1B003450DB /* Build configuration list for PBXProject "HW14-LikeCommentShare" */ = {
			isa = XCConfigurationList;
			buildConfigurations = (
				B460E5D227347A1E003450DB /* Debug */,
				B460E5D327347A1E003450DB /* Release */,
			);
			defaultConfigurationIsVisible = 0;
			defaultConfigurationName = Release;
		};
		B460E5D427347A1E003450DB /* Build configuration list for PBXNativeTarget "HW14-LikeCommentShare" */ = {
			isa = XCConfigurationList;
			buildConfigurations = (
				B460E5D527347A1E003450DB /* Debug */,
				B460E5D627347A1E003450DB /* Release */,
			);
			defaultConfigurationIsVisible = 0;
			defaultConfigurationName = Release;
		};
/* End XCConfigurationList section */
	};
	rootObject = B460E5B827347A1B003450DB /* Project object */;
}
